
Microsoft Visual Studio Solution File, Format Version 12.00
# Visual Studio Version 16
VisualStudioVersion = 16.0.31729.503
MinimumVisualStudioVersion = 10.0.40219.1
Project("{9A19103F-16F7-4668-BE54-9A1E7A4F7556}") = "msa-backend-assignment", "msa-backend-assignment\msa-backend-assignment.csproj", "{77AC8FC9-B4A9-45B5-A382-2E340ECFA635}"
EndProject
Project("{FAE04EC0-301F-11D3-BF4B-00C04F79EFBC}") = "msa-backend-test", "msa-backend-test\msa-backend-test.csproj", "{7F896694-DD87-4C5F-AAE7-54D585C2A76A}"
EndProject
Global
	GlobalSection(SolutionConfigurationPlatforms) = preSolution
		Debug|Any CPU = Debug|Any CPU
		Release|Any CPU = Release|Any CPU
	EndGlobalSection
	GlobalSection(ProjectConfigurationPlatforms) = postSolution
		{77AC8FC9-B4A9-45B5-A382-2E340ECFA635}.Debug|Any CPU.ActiveCfg = Debug|Any CPU
		{77AC8FC9-B4A9-45B5-A382-2E340ECFA635}.Debug|Any CPU.Build.0 = Debug|Any CPU
		{77AC8FC9-B4A9-45B5-A382-2E340ECFA635}.Release|Any CPU.ActiveCfg = Release|Any CPU
		{77AC8FC9-B4A9-45B5-A382-2E340ECFA635}.Release|Any CPU.Build.0 = Release|Any CPU
		{7F896694-DD87-4C5F-AAE7-54D585C2A76A}.Debug|Any CPU.ActiveCfg = Debug|Any CPU
		{7F896694-DD87-4C5F-AAE7-54D585C2A76A}.Debug|Any CPU.Build.0 = Debug|Any CPU
		{7F896694-DD87-4C5F-AAE7-54D585C2A76A}.Release|Any CPU.ActiveCfg = Release|Any CPU
		{7F896694-DD87-4C5F-AAE7-54D585C2A76A}.Release|Any CPU.Build.0 = Release|Any CPU
	EndGlobalSection
	GlobalSection(SolutionProperties) = preSolution
		HideSolutionNode = FALSE
	EndGlobalSection
	GlobalSection(ExtensibilityGlobals) = postSolution
		SolutionGuid = {933709DB-2E46-4A3C-83B3-913C3A539292}
	EndGlobalSection
EndGlobal
